
Microsoft Visual Studio Solution File, Format Version 12.00
# Visual Studio Version 16
VisualStudioVersion = 16.0.30105.148
MinimumVisualStudioVersion = 10.0.40219.1
Project("{FAE04EC0-301F-11D3-BF4B-00C04F79EFBC}") = "CinemaApi", "CinemaApi\CinemaApi.csproj", "{FA6E3EC2-457B-4991-AEC0-A9CCDADFC8ED}"
EndProject
Global
	GlobalSection(SolutionConfigurationPlatforms) = preSolution
		Debug|Any CPU = Debug|Any CPU
		Release|Any CPU = Release|Any CPU
	EndGlobalSection
	GlobalSection(ProjectConfigurationPlatforms) = postSolution
		{FA6E3EC2-457B-4991-AEC0-A9CCDADFC8ED}.Debug|Any CPU.ActiveCfg = Debug|Any CPU
		{FA6E3EC2-457B-4991-AEC0-A9CCDADFC8ED}.Debug|Any CPU.Build.0 = Debug|Any CPU
		{FA6E3EC2-457B-4991-AEC0-A9CCDADFC8ED}.Release|Any CPU.ActiveCfg = Release|Any CPU
		{FA6E3EC2-457B-4991-AEC0-A9CCDADFC8ED}.Release|Any CPU.Build.0 = Release|Any CPU
	EndGlobalSection
	GlobalSection(SolutionProperties) = preSolution
		HideSolutionNode = FALSE
	EndGlobalSection
	GlobalSection(ExtensibilityGlobals) = postSolution
		SolutionGuid = {A6F646F4-F08A-4E00-A1E8-0BB521D05DB1}
	EndGlobalSection
EndGlobal
